
Microsoft Visual Studio Solution File, Format Version 12.00
# Visual Studio 14
VisualStudioVersion = 14.0.25420.1
MinimumVisualStudioVersion = 10.0.40219.1
Project("{FAE04EC0-301F-11D3-BF4B-00C04F79EFBC}") = "ProjectForm", "ProjectForm.csproj", "{E9818A59-B759-4312-9866-B9A6135C6CE5}"
EndProject
Project("{FAE04EC0-301F-11D3-BF4B-00C04F79EFBC}") = "WindowsFormsApplication2", "..\WindowsFormsApplication2\WindowsFormsApplication2.csproj", "{165BFF12-0495-44F8-8025-E88D1B55B498}"
EndProject
Global
	GlobalSection(SolutionConfigurationPlatforms) = preSolution
		Debug|Any CPU = Debug|Any CPU
		Release|Any CPU = Release|Any CPU
	EndGlobalSection
	GlobalSection(ProjectConfigurationPlatforms) = postSolution
		{E9818A59-B759-4312-9866-B9A6135C6CE5}.Debug|Any CPU.ActiveCfg = Debug|Any CPU
		{E9818A59-B759-4312-9866-B9A6135C6CE5}.Debug|Any CPU.Build.0 = Debug|Any CPU
		{E9818A59-B759-4312-9866-B9A6135C6CE5}.Release|Any CPU.ActiveCfg = Release|Any CPU
		{E9818A59-B759-4312-9866-B9A6135C6CE5}.Release|Any CPU.Build.0 = Release|Any CPU
		{165BFF12-0495-44F8-8025-E88D1B55B498}.Debug|Any CPU.ActiveCfg = Debug|Any CPU
		{165BFF12-0495-44F8-8025-E88D1B55B498}.Debug|Any CPU.Build.0 = Debug|Any CPU
		{165BFF12-0495-44F8-8025-E88D1B55B498}.Release|Any CPU.ActiveCfg = Release|Any CPU
		{165BFF12-0495-44F8-8025-E88D1B55B498}.Release|Any CPU.Build.0 = Release|Any CPU
	EndGlobalSection
	GlobalSection(SolutionProperties) = preSolution
		HideSolutionNode = FALSE
	EndGlobalSection
EndGlobal
